
Microsoft Visual Studio Solution File, Format Version 12.00
# Visual Studio Version 16
VisualStudioVersion = 16.0.31911.196
MinimumVisualStudioVersion = 10.0.40219.1
Project("{FAE04EC0-301F-11D3-BF4B-00C04F79EFBC}") = "MedicalLaboratoryNumber20XamarinApp.Android", "MedicalLaboratoryNumber20XamarinApp.Android\MedicalLaboratoryNumber20XamarinApp.Android.csproj", "{427C4661-B463-415D-8DCF-15CA869C7211}"
EndProject
Project("{9A19103F-16F7-4668-BE54-9A1E7A4F7556}") = "MedicalLaboratoryNumber20XamarinApp", "MedicalLaboratoryNumber20XamarinApp\MedicalLaboratoryNumber20XamarinApp.csproj", "{3E13FED1-168A-444B-940D-DEBF387326D7}"
EndProject
Project("{2150E333-8FDC-42A3-9474-1A3956D46DE8}") = "Solution Items", "Solution Items", "{0850B39F-B092-4B1C-BF3A-ACC796123028}"
	ProjectSection(SolutionItems) = preProject
		.editorconfig = .editorconfig
	EndProjectSection
EndProject
Project("{FAE04EC0-301F-11D3-BF4B-00C04F79EFBC}") = "MedicalLaboratoryNumber20XamarinAppTests", "MedicalLaboratoryNumber20XamarinAppTests\MedicalLaboratoryNumber20XamarinAppTests.csproj", "{3B651171-B58B-4818-B203-879B043997CD}"
EndProject
Project("{FAE04EC0-301F-11D3-BF4B-00C04F79EFBC}") = "MedicalLaboratoryNumber20XamarinApp.iOS", "MedicalLaboratoryNumber20XamarinApp.iOS\MedicalLaboratoryNumber20XamarinApp.iOS.csproj", "{9B5E0D21-9721-4061-933D-5F8BF3AC4987}"
EndProject
Global
	GlobalSection(SolutionConfigurationPlatforms) = preSolution
		Debug|Any CPU = Debug|Any CPU
		Debug|iPhone = Debug|iPhone
		Debug|iPhoneSimulator = Debug|iPhoneSimulator
		Release|Any CPU = Release|Any CPU
		Release|iPhone = Release|iPhone
		Release|iPhoneSimulator = Release|iPhoneSimulator
	EndGlobalSection
	GlobalSection(ProjectConfigurationPlatforms) = postSolution
		{427C4661-B463-415D-8DCF-15CA869C7211}.Debug|Any CPU.ActiveCfg = Debug|Any CPU
		{427C4661-B463-415D-8DCF-15CA869C7211}.Debug|Any CPU.Build.0 = Debug|Any CPU
		{427C4661-B463-415D-8DCF-15CA869C7211}.Debug|Any CPU.Deploy.0 = Debug|Any CPU
		{427C4661-B463-415D-8DCF-15CA869C7211}.Debug|iPhone.ActiveCfg = Debug|Any CPU
		{427C4661-B463-415D-8DCF-15CA869C7211}.Debug|iPhone.Build.0 = Debug|Any CPU
		{427C4661-B463-415D-8DCF-15CA869C7211}.Debug|iPhone.Deploy.0 = Debug|Any CPU
		{427C4661-B463-415D-8DCF-15CA869C7211}.Debug|iPhoneSimulator.ActiveCfg = Debug|Any CPU
		{427C4661-B463-415D-8DCF-15CA869C7211}.Debug|iPhoneSimulator.Build.0 = Debug|Any CPU
		{427C4661-B463-415D-8DCF-15CA869C7211}.Debug|iPhoneSimulator.Deploy.0 = Debug|Any CPU
		{427C4661-B463-415D-8DCF-15CA869C7211}.Release|Any CPU.ActiveCfg = Release|Any CPU
		{427C4661-B463-415D-8DCF-15CA869C7211}.Release|Any CPU.Build.0 = Release|Any CPU
		{427C4661-B463-415D-8DCF-15CA869C7211}.Release|Any CPU.Deploy.0 = Release|Any CPU
		{427C4661-B463-415D-8DCF-15CA869C7211}.Release|iPhone.ActiveCfg = Release|Any CPU
		{427C4661-B463-415D-8DCF-15CA869C7211}.Release|iPhone.Build.0 = Release|Any CPU
		{427C4661-B463-415D-8DCF-15CA869C7211}.Release|iPhone.Deploy.0 = Release|Any CPU
		{427C4661-B463-415D-8DCF-15CA869C7211}.Release|iPhoneSimulator.ActiveCfg = Release|Any CPU
		{427C4661-B463-415D-8DCF-15CA869C7211}.Release|iPhoneSimulator.Build.0 = Release|Any CPU
		{427C4661-B463-415D-8DCF-15CA869C7211}.Release|iPhoneSimulator.Deploy.0 = Release|Any CPU
		{3E13FED1-168A-444B-940D-DEBF387326D7}.Debug|Any CPU.ActiveCfg = Debug|Any CPU
		{3E13FED1-168A-444B-940D-DEBF387326D7}.Debug|Any CPU.Build.0 = Debug|Any CPU
		{3E13FED1-168A-444B-940D-DEBF387326D7}.Debug|Any CPU.Deploy.0 = Debug|Any CPU
		{3E13FED1-168A-444B-940D-DEBF387326D7}.Debug|iPhone.ActiveCfg = Debug|Any CPU
		{3E13FED1-168A-444B-940D-DEBF387326D7}.Debug|iPhone.Build.0 = Debug|Any CPU
		{3E13FED1-168A-444B-940D-DEBF387326D7}.Debug|iPhone.Deploy.0 = Debug|Any CPU
		{3E13FED1-168A-444B-940D-DEBF387326D7}.Debug|iPhoneSimulator.ActiveCfg = Debug|Any CPU
		{3E13FED1-168A-444B-940D-DEBF387326D7}.Debug|iPhoneSimulator.Build.0 = Debug|Any CPU
		{3E13FED1-168A-444B-940D-DEBF387326D7}.Debug|iPhoneSimulator.Deploy.0 = Debug|Any CPU
		{3E13FED1-168A-444B-940D-DEBF387326D7}.Release|Any CPU.ActiveCfg = Release|Any CPU
		{3E13FED1-168A-444B-940D-DEBF387326D7}.Release|Any CPU.Build.0 = Release|Any CPU
		{3E13FED1-168A-444B-940D-DEBF387326D7}.Release|Any CPU.Deploy.0 = Release|Any CPU
		{3E13FED1-168A-444B-940D-DEBF387326D7}.Release|iPhone.ActiveCfg = Release|Any CPU
		{3E13FED1-168A-444B-940D-DEBF387326D7}.Release|iPhone.Build.0 = Release|Any CPU
		{3E13FED1-168A-444B-940D-DEBF387326D7}.Release|iPhone.Deploy.0 = Release|Any CPU
		{3E13FED1-168A-444B-940D-DEBF387326D7}.Release|iPhoneSimulator.ActiveCfg = Release|Any CPU
		{3E13FED1-168A-444B-940D-DEBF387326D7}.Release|iPhoneSimulator.Build.0 = Release|Any CPU
		{3E13FED1-168A-444B-940D-DEBF387326D7}.Release|iPhoneSimulator.Deploy.0 = Release|Any CPU
		{3B651171-B58B-4818-B203-879B043997CD}.Debug|Any CPU.ActiveCfg = Debug|Any CPU
		{3B651171-B58B-4818-B203-879B043997CD}.Debug|Any CPU.Build.0 = Debug|Any CPU
		{3B651171-B58B-4818-B203-879B043997CD}.Debug|iPhone.ActiveCfg = Debug|Any CPU
		{3B651171-B58B-4818-B203-879B043997CD}.Debug|iPhone.Build.0 = Debug|Any CPU
		{3B651171-B58B-4818-B203-879B043997CD}.Debug|iPhoneSimulator.ActiveCfg = Debug|Any CPU
		{3B651171-B58B-4818-B203-879B043997CD}.Debug|iPhoneSimulator.Build.0 = Debug|Any CPU
		{3B651171-B58B-4818-B203-879B043997CD}.Release|Any CPU.ActiveCfg = Release|Any CPU
		{3B651171-B58B-4818-B203-879B043997CD}.Release|Any CPU.Build.0 = Release|Any CPU
		{3B651171-B58B-4818-B203-879B043997CD}.Release|iPhone.ActiveCfg = Release|Any CPU
		{3B651171-B58B-4818-B203-879B043997CD}.Release|iPhone.Build.0 = Release|Any CPU
		{3B651171-B58B-4818-B203-879B043997CD}.Release|iPhoneSimulator.ActiveCfg = Release|Any CPU
		{3B651171-B58B-4818-B203-879B043997CD}.Release|iPhoneSimulator.Build.0 = Release|Any CPU
		{9B5E0D21-9721-4061-933D-5F8BF3AC4987}.Debug|Any CPU.ActiveCfg = Debug|iPhoneSimulator
		{9B5E0D21-9721-4061-933D-5F8BF3AC4987}.Debug|Any CPU.Build.0 = Debug|iPhoneSimulator
		{9B5E0D21-9721-4061-933D-5F8BF3AC4987}.Debug|iPhone.ActiveCfg = Debug|iPhone
		{9B5E0D21-9721-4061-933D-5F8BF3AC4987}.Debug|iPhone.Build.0 = Debug|iPhone
		{9B5E0D21-9721-4061-933D-5F8BF3AC4987}.Debug|iPhoneSimulator.ActiveCfg = Debug|iPhoneSimulator
		{9B5E0D21-9721-4061-933D-5F8BF3AC4987}.Debug|iPhoneSimulator.Build.0 = Debug|iPhoneSimulator
		{9B5E0D21-9721-4061-933D-5F8BF3AC4987}.Release|Any CPU.ActiveCfg = Release|iPhoneSimulator
		{9B5E0D21-9721-4061-933D-5F8BF3AC4987}.Release|iPhone.ActiveCfg = Release|iPhone
		{9B5E0D21-9721-4061-933D-5F8BF3AC4987}.Release|iPhone.Build.0 = Release|iPhone
		{9B5E0D21-9721-4061-933D-5F8BF3AC4987}.Release|iPhoneSimulator.ActiveCfg = Release|iPhoneSimulator
		{9B5E0D21-9721-4061-933D-5F8BF3AC4987}.Release|iPhoneSimulator.Build.0 = Release|iPhoneSimulator
	EndGlobalSection
	GlobalSection(SolutionProperties) = preSolution
		HideSolutionNode = FALSE
	EndGlobalSection
	GlobalSection(ExtensibilityGlobals) = postSolution
		SolutionGuid = {ED62BF69-0771-4A67-8BED-7D9F1468C555}
	EndGlobalSection
EndGlobal
